<?xml version="1.0" encoding="UTF-8" standalone="yes" ?>
<CodeBlocks_project_file>
	<FileVersion major="1" minor="6" />
	<Project>
		<Option title="MinGE" />
		<Option pch_mode="2" />
		<Option compiler="gcc" />
		<Build>
			<Target title="Debug">
				<Option output="Binaries/debug" prefix_auto="1" extension_auto="1" />
				<Option working_dir="Binaries" />
				<Option object_output="obj/Debug/" />
				<Option type="1" />
				<Option compiler="gcc" />
				<Option use_console_runner="0" />
				<Compiler>
					<Add option="-Wnon-virtual-dtor" />
					<Add option="-Wshadow" />
					<Add option="-Winit-self" />
					<Add option="-Wredundant-decls" />
					<Add option="-Wcast-align" />
					<Add option="-Wunreachable-code" />
					<Add option="-Wmissing-include-dirs" />
					<Add option="-pedantic" />
					<Add option="-Wextra" />
					<Add option="-Wall" />
					<Add option="-g" />
					<Add option="-DDEBUG" />
				</Compiler>
				<Linker>
					<Add option="-lsfml-audio-s-d" />
					<Add option="-lopenal32" />
					<Add option="-lflac" />
					<Add option="-lvorbisenc" />
					<Add option="-lvorbisfile" />
					<Add option="-lvorbis" />
					<Add option="-logg" />
					<Add option="-lsfml-graphics-s-d" />
					<Add option="-lfreetype" />
					<Add option="-lsfml-window-s-d" />
					<Add option="-lopengl32" />
					<Add option="-lgdi32" />
					<Add option="-lsfml-network-s-d" />
					<Add option="-lws2_32" />
					<Add option="-lsfml-system-s-d" />
					<Add option="-lwinmm" />
					<Add library="opengl32" />
					<Add library="glu32" />
				</Linker>
			</Target>
			<Target title="Release">
				<Option output="Binaries/MinGE" prefix_auto="1" extension_auto="1" />
				<Option working_dir="Binaries" />
				<Option object_output="obj/Release/" />
				<Option type="1" />
				<Option compiler="gcc" />
				<Option use_console_runner="0" />
				<Compiler>
					<Add option="-fomit-frame-pointer" />
					<Add option="-O3" />
					<Add option="-Wfatal-errors" />
					<Add option="-Wextra" />
				</Compiler>
				<Linker>
					<Add option="-s" />
					<Add option="-lsfml-audio-s" />
					<Add option="-lopenal32" />
					<Add option="-lflac" />
					<Add option="-lvorbisenc" />
					<Add option="-lvorbisfile" />
					<Add option="-lvorbis" />
					<Add option="-logg" />
					<Add option="-lsfml-graphics-s" />
					<Add option="-lfreetype" />
					<Add option="-lsfml-window-s" />
					<Add option="-lopengl32" />
					<Add option="-lgdi32" />
					<Add option="-lsfml-network-s" />
					<Add option="-lws2_32" />
					<Add option="-lsfml-system-s" />
					<Add option="-lwinmm" />
					<Add library="opengl32" />
					<Add library="glu32" />
				</Linker>
			</Target>
		</Build>
		<Compiler>
			<Add option="-std=c++11" />
			<Add option="-DGLEW_STATIC" />
			<Add option="-DSFML_STATIC" />
			<Add directory="../libs/SFML-2.4.2/include" />
			<Add directory="../libs/glm" />
			<Add directory="Engine" />
		</Compiler>
		<Linker>
			<Add directory="../libs/SFML-2.4.2/lib" />
		</Linker>
		<Unit filename="Engine/Assets/Material.cpp" />
		<Unit filename="Engine/Assets/Material.h" />
		<Unit filename="Engine/Assets/Mesh.cpp" />
		<Unit filename="Engine/Assets/Mesh.h" />
		<Unit filename="Engine/Assets/PhysicMaterial.cpp" />
		<Unit filename="Engine/Assets/PhysicMaterial.h" />
		<Unit filename="Engine/Assets/Program.cpp" />
		<Unit filename="Engine/Assets/Program.h" />
		<Unit filename="Engine/Assets/RenderTexture.cpp" />
		<Unit filename="Engine/Assets/RenderTexture.h" />
		<Unit filename="Engine/Assets/Texture.cpp" />
		<Unit filename="Engine/Assets/Texture.h" />
		<Unit filename="Engine/Components/Animator.cpp" />
		<Unit filename="Engine/Components/Animator.h" />
		<Unit filename="Engine/Components/AudioListener.cpp" />
		<Unit filename="Engine/Components/AudioListener.h" />
		<Unit filename="Engine/Components/Box.cpp" />
		<Unit filename="Engine/Components/Box.h" />
		<Unit filename="Engine/Components/Camera.cpp" />
		<Unit filename="Engine/Components/Camera.h" />
		<Unit filename="Engine/Components/Collider.cpp" />
		<Unit filename="Engine/Components/Collider.h" />
		<Unit filename="Engine/Components/Component.cpp" />
		<Unit filename="Engine/Components/Component.h" />
		<Unit filename="Engine/Components/Cone.cpp" />
		<Unit filename="Engine/Components/Cone.h" />
		<Unit filename="Engine/Components/Cylinder.cpp" />
		<Unit filename="Engine/Components/Cylinder.h" />
		<Unit filename="Engine/Components/Graphic.cpp" />
		<Unit filename="Engine/Components/Graphic.h" />
		<Unit filename="Engine/Components/Light.cpp" />
		<Unit filename="Engine/Components/Light.h" />
		<Unit filename="Engine/Components/RigidBody.cpp" />
		<Unit filename="Engine/Components/RigidBody.h" />
		<Unit filename="Engine/Components/Script.cpp" />
		<Unit filename="Engine/Components/Script.h" />
		<Unit filename="Engine/Components/Skybox.cpp" />
		<Unit filename="Engine/Components/Skybox.h" />
		<Unit filename="Engine/Components/Sphere.cpp" />
		<Unit filename="Engine/Components/Sphere.h" />
		<Unit filename="Engine/Components/Transform.cpp" />
		<Unit filename="Engine/Components/Transform.h" />
		<Unit filename="Engine/Engine.cpp" />
		<Unit filename="Engine/Engine.h" />
		<Unit filename="Engine/Entity.cpp" />
		<Unit filename="Engine/Entity.h" />
		<Unit filename="Engine/MinGE.h" />
		<Unit filename="Engine/Physic/CollisionDetection.cpp" />
		<Unit filename="Engine/Physic/CollisionDetection.h" />
		<Unit filename="Engine/Physic/Constraint.cpp" />
		<Unit filename="Engine/Physic/Constraint.h" />
		<Unit filename="Engine/Physic/ContactConstraint.cpp" />
		<Unit filename="Engine/Physic/ContactConstraint.h" />
		<Unit filename="Engine/Physic/DistanceConstraint.cpp" />
		<Unit filename="Engine/Physic/DistanceConstraint.h" />
		<Unit filename="Engine/Renderer/GLDriver.cpp" />
		<Unit filename="Engine/Renderer/GLDriver.h" />
		<Unit filename="Engine/Renderer/UBO.cpp" />
		<Unit filename="Engine/Renderer/UBO.h" />
		<Unit filename="Engine/Systems/GraphicEngine.cpp" />
		<Unit filename="Engine/Systems/GraphicEngine.h" />
		<Unit filename="Engine/Systems/PhysicEngine.cpp" />
		<Unit filename="Engine/Systems/PhysicEngine.h" />
		<Unit filename="Engine/Systems/ScriptEngine.cpp" />
		<Unit filename="Engine/Systems/ScriptEngine.h" />
		<Unit filename="Engine/Utility/Accel/AABB.cpp" />
		<Unit filename="Engine/Utility/Accel/AABB.h" />
		<Unit filename="Engine/Utility/Accel/BVH.cpp" />
		<Unit filename="Engine/Utility/Accel/BVH.h" />
		<Unit filename="Engine/Utility/Accel/Quadtree.cpp" />
		<Unit filename="Engine/Utility/Accel/Quadtree.h" />
		<Unit filename="Engine/Utility/Debug.cpp" />
		<Unit filename="Engine/Utility/Debug.h" />
		<Unit filename="Engine/Utility/Error.cpp" />
		<Unit filename="Engine/Utility/Error.h" />
		<Unit filename="Engine/Utility/IO/IOFile.cpp" />
		<Unit filename="Engine/Utility/IO/IOFile.h" />
		<Unit filename="Engine/Utility/IO/Input.cpp" />
		<Unit filename="Engine/Utility/IO/Input.h" />
		<Unit filename="Engine/Utility/IO/Network.cpp" />
		<Unit filename="Engine/Utility/IO/Network.h" />
		<Unit filename="Engine/Utility/Random.cpp" />
		<Unit filename="Engine/Utility/Random.h" />
		<Unit filename="Engine/Utility/Tag.cpp" />
		<Unit filename="Engine/Utility/Tag.h" />
		<Unit filename="Engine/Utility/Time.cpp" />
		<Unit filename="Engine/Utility/Time.h" />
		<Unit filename="Engine/Utility/helpers.cpp" />
		<Unit filename="Engine/Utility/helpers.h" />
		<Unit filename="Engine/Utility/tinyxml2.cpp" />
		<Unit filename="Engine/Utility/tinyxml2.h" />
		<Unit filename="Engine/glew.c">
			<Option compilerVar="CC" />
		</Unit>
		<Unit filename="test/CameraScript.h" />
		<Unit filename="test/PlayerScript.cpp" />
		<Unit filename="test/PlayerScript.h" />
		<Unit filename="test/bvh/bvh.cpp" />
		<Unit filename="test/bvh/bvh.h" />
		<Unit filename="test/main.cpp" />
		<Unit filename="test/materials/materials.cpp" />
		<Unit filename="test/materials/materials.h" />
		<Unit filename="test/physic/physic.cpp" />
		<Unit filename="test/physic/physic.h" />
		<Extensions>
			<code_completion />
			<envvars />
			<debugger />
		</Extensions>
	</Project>
</CodeBlocks_project_file>
