<?xml version="1.0" encoding="UTF-8" standalone="yes" ?>
<CodeBlocks_project_file>
	<FileVersion major="1" minor="6" />
	<Project>
		<Option title="MinGE" />
		<Option pch_mode="2" />
		<Option compiler="gcc" />
		<Build>
			<Target title="Debug">
				<Option output="Binaries/debug" prefix_auto="1" extension_auto="1" />
				<Option working_dir="C:/Users/Otarie/Programmes/C++/MinGE/Binaries" />
				<Option object_output="obj/Debug/" />
				<Option type="1" />
				<Option compiler="gcc" />
				<Option use_console_runner="0" />
				<Compiler>
					<Add option="-g" />
					<Add option="-DDEBUG" />
				</Compiler>
				<Linker>
					<Add library="sfml-graphics-d" />
					<Add library="sfml-window-d" />
					<Add library="sfml-system-d" />
					<Add library="opengl32" />
					<Add library="glu32" />
				</Linker>
			</Target>
			<Target title="Release">
				<Option output="Binaries/MinGE" prefix_auto="1" extension_auto="1" />
				<Option working_dir="C:/Users/Otarie/Programmes/C++/MinGE/Binaries" />
				<Option object_output="obj/Release/" />
				<Option type="0" />
				<Option compiler="gcc" />
				<Compiler>
					<Add option="-O1" />
					<Add option="-Wnon-virtual-dtor" />
					<Add option="-Winit-self" />
					<Add option="-Wredundant-decls" />
					<Add option="-Wcast-align" />
					<Add option="-Wunreachable-code" />
					<Add option="-Wmissing-declarations" />
					<Add option="-Wmissing-include-dirs" />
					<Add option="-pedantic" />
					<Add option="-std=c++11" />
					<Add option="-Wfatal-errors" />
					<Add option="-Wextra" />
					<Add option="-Wall" />
				</Compiler>
				<Linker>
					<Add library="sfml-graphics" />
					<Add library="sfml-window" />
					<Add library="sfml-system" />
					<Add library="opengl32" />
					<Add library="glu32" />
				</Linker>
			</Target>
		</Build>
		<Compiler>
			<Add option="-std=c++11" />
			<Add option="-Wfatal-errors" />
			<Add option="-Wall" />
			<Add option="-DGLEW_STATIC" />
			<Add directory="Engine" />
		</Compiler>
		<Unit filename="Billard.cpp" />
		<Unit filename="Billard.h" />
		<Unit filename="Binaries/Shaders/skeletal.vert" />
		<Unit filename="Binaries/Shaders/water.frag" />
		<Unit filename="Engine/Assets/Material.cpp" />
		<Unit filename="Engine/Assets/Material.h" />
		<Unit filename="Engine/Assets/Mesh.cpp" />
		<Unit filename="Engine/Assets/Mesh.h" />
		<Unit filename="Engine/Assets/PhysicMaterial.cpp" />
		<Unit filename="Engine/Assets/PhysicMaterial.h" />
		<Unit filename="Engine/Assets/Program.cpp" />
		<Unit filename="Engine/Assets/Program.h" />
		<Unit filename="Engine/Assets/RenderTexture.cpp" />
		<Unit filename="Engine/Assets/RenderTexture.h" />
		<Unit filename="Engine/Assets/Texture.cpp" />
		<Unit filename="Engine/Assets/Texture.h" />
		<Unit filename="Engine/Components/Box.cpp" />
		<Unit filename="Engine/Components/Box.h" />
		<Unit filename="Engine/Components/Camera.cpp" />
		<Unit filename="Engine/Components/Camera.h" />
		<Unit filename="Engine/Components/Collider.cpp" />
		<Unit filename="Engine/Components/Collider.h" />
		<Unit filename="Engine/Components/Component.cpp" />
		<Unit filename="Engine/Components/Component.h" />
		<Unit filename="Engine/Components/Cone.cpp" />
		<Unit filename="Engine/Components/Cone.h" />
		<Unit filename="Engine/Components/Cylinder.cpp" />
		<Unit filename="Engine/Components/Cylinder.h" />
		<Unit filename="Engine/Components/Graphic.cpp" />
		<Unit filename="Engine/Components/Graphic.h" />
		<Unit filename="Engine/Components/Light.cpp" />
		<Unit filename="Engine/Components/Light.h" />
		<Unit filename="Engine/Components/RigidBody.cpp" />
		<Unit filename="Engine/Components/RigidBody.h" />
		<Unit filename="Engine/Components/Script.cpp" />
		<Unit filename="Engine/Components/Script.h" />
		<Unit filename="Engine/Components/Skybox.cpp" />
		<Unit filename="Engine/Components/Skybox.h" />
		<Unit filename="Engine/Components/Sphere.cpp" />
		<Unit filename="Engine/Components/Sphere.h" />
		<Unit filename="Engine/Components/Transform.cpp" />
		<Unit filename="Engine/Components/Transform.h" />
		<Unit filename="Engine/Engine.cpp" />
		<Unit filename="Engine/Engine.h" />
		<Unit filename="Engine/Entity.cpp" />
		<Unit filename="Engine/Entity.h" />
		<Unit filename="Engine/Meshes/AnimatedModel.cpp" />
		<Unit filename="Engine/Meshes/AnimatedModel.h" />
		<Unit filename="Engine/Meshes/Model.cpp" />
		<Unit filename="Engine/Meshes/Model.h" />
		<Unit filename="Engine/Meshes/Terrain.cpp" />
		<Unit filename="Engine/Meshes/Terrain.h" />
		<Unit filename="Engine/MinGE.h" />
		<Unit filename="Engine/Physic/AABB.cpp" />
		<Unit filename="Engine/Physic/AABB.h" />
		<Unit filename="Engine/Physic/CollisionDetection.cpp" />
		<Unit filename="Engine/Physic/CollisionDetection.h" />
		<Unit filename="Engine/Physic/Constraint.cpp" />
		<Unit filename="Engine/Physic/Constraint.h" />
		<Unit filename="Engine/Physic/ContactConstraint.cpp" />
		<Unit filename="Engine/Physic/ContactConstraint.h" />
		<Unit filename="Engine/Physic/DistanceConstraint.cpp" />
		<Unit filename="Engine/Physic/DistanceConstraint.h" />
		<Unit filename="Engine/Systems/Debug.cpp" />
		<Unit filename="Engine/Systems/Debug.h" />
		<Unit filename="Engine/Systems/GraphicEngine.cpp" />
		<Unit filename="Engine/Systems/GraphicEngine.h" />
		<Unit filename="Engine/Systems/Input.cpp" />
		<Unit filename="Engine/Systems/Input.h" />
		<Unit filename="Engine/Systems/PhysicEngine.cpp" />
		<Unit filename="Engine/Systems/PhysicEngine.h" />
		<Unit filename="Engine/Systems/ScriptEngine.cpp" />
		<Unit filename="Engine/Systems/ScriptEngine.h" />
		<Unit filename="Engine/Util/Errors.cpp" />
		<Unit filename="Engine/Util/Structs.cpp" />
		<Unit filename="Engine/Util/Structs.h" />
		<Unit filename="Engine/Util/tinyxml2.cpp" />
		<Unit filename="Engine/Util/tinyxml2.h" />
		<Unit filename="Engine/glew.c">
			<Option compilerVar="CC" />
		</Unit>
		<Unit filename="Engine/includes.h" />
		<Unit filename="PlayerScript.cpp" />
		<Unit filename="PlayerScript.h" />
		<Unit filename="TPSCameraScript.h" />
		<Unit filename="TerrainScript.h" />
		<Unit filename="Water.h" />
		<Unit filename="main.cpp" />
		<Extensions>
			<code_completion />
			<envvars />
			<debugger />
		</Extensions>
	</Project>
</CodeBlocks_project_file>
